// !$*UTF8*$!
{
	archiveVersion = 1;
	classes = {
	};
	objectVersion = 50;
	objects = {

/* Begin PBXBuildFile section */
		34ECC39A23EBF9D500D0FA9C /* AppDelegate.swift in Sources */ = {isa = PBXBuildFile; fileRef = 34ECC39923EBF9D500D0FA9C /* AppDelegate.swift */; };
		34ECC39C23EBF9D500D0FA9C /* SceneDelegate.swift in Sources */ = {isa = PBXBuildFile; fileRef = 34ECC39B23EBF9D500D0FA9C /* SceneDelegate.swift */; };
		34ECC39E23EBF9D500D0FA9C /* ViewController.swift in Sources */ = {isa = PBXBuildFile; fileRef = 34ECC39D23EBF9D500D0FA9C /* ViewController.swift */; };
		34ECC3A123EBF9D500D0FA9C /* Main.storyboard in Resources */ = {isa = PBXBuildFile; fileRef = 34ECC39F23EBF9D500D0FA9C /* Main.storyboard */; };
		34ECC3A323EBF9D700D0FA9C /* Assets.xcassets in Resources */ = {isa = PBXBuildFile; fileRef = 34ECC3A223EBF9D700D0FA9C /* Assets.xcassets */; };
		34ECC3A623EBF9D700D0FA9C /* LaunchScreen.storyboard in Resources */ = {isa = PBXBuildFile; fileRef = 34ECC3A423EBF9D700D0FA9C /* LaunchScreen.storyboard */; };
		34ECC3B523EBFACA00D0FA9C /* User.swift in Sources */ = {isa = PBXBuildFile; fileRef = 34ECC3B423EBFACA00D0FA9C /* User.swift */; };
		34ECC3B923EBFBA100D0FA9C /* UserCollectionViewCell.swift in Sources */ = {isa = PBXBuildFile; fileRef = 34ECC3B723EBFBA100D0FA9C /* UserCollectionViewCell.swift */; };
		34ECC3BA23EBFBA100D0FA9C /* UserCollectionViewCell.xib in Resources */ = {isa = PBXBuildFile; fileRef = 34ECC3B823EBFBA100D0FA9C /* UserCollectionViewCell.xib */; };
		34ECC3BD23EBFDE500D0FA9C /* data.json in Resources */ = {isa = PBXBuildFile; fileRef = 34ECC3BC23EBFDE500D0FA9C /* data.json */; };
		34ECC3BF23EBFDFB00D0FA9C /* DataManager.swift in Sources */ = {isa = PBXBuildFile; fileRef = 34ECC3BE23EBFDFB00D0FA9C /* DataManager.swift */; };
/* End PBXBuildFile section */

/* Begin PBXFileReference section */
		34ECC39623EBF9D500D0FA9C /* SwiftCodingChallange.app */ = {isa = PBXFileReference; explicitFileType = wrapper.application; includeInIndex = 0; path = SwiftCodingChallange.app; sourceTree = BUILT_PRODUCTS_DIR; };
		34ECC39923EBF9D500D0FA9C /* AppDelegate.swift */ = {isa = PBXFileReference; lastKnownFileType = sourcecode.swift; path = AppDelegate.swift; sourceTree = "<group>"; };
		34ECC39B23EBF9D500D0FA9C /* SceneDelegate.swift */ = {isa = PBXFileReference; lastKnownFileType = sourcecode.swift; path = SceneDelegate.swift; sourceTree = "<group>"; };
		34ECC39D23EBF9D500D0FA9C /* ViewController.swift */ = {isa = PBXFileReference; lastKnownFileType = sourcecode.swift; path = ViewController.swift; sourceTree = "<group>"; };
		34ECC3A023EBF9D500D0FA9C /* Base */ = {isa = PBXFileReference; lastKnownFileType = file.storyboard; name = Base; path = Base.lproj/Main.storyboard; sourceTree = "<group>"; };
		34ECC3A223EBF9D700D0FA9C /* Assets.xcassets */ = {isa = PBXFileReference; lastKnownFileType = folder.assetcatalog; path = Assets.xcassets; sourceTree = "<group>"; };
		34ECC3A523EBF9D700D0FA9C /* Base */ = {isa = PBXFileReference; lastKnownFileType = file.storyboard; name = Base; path = Base.lproj/LaunchScreen.storyboard; sourceTree = "<group>"; };
		34ECC3A723EBF9D700D0FA9C /* Info.plist */ = {isa = PBXFileReference; lastKnownFileType = text.plist.xml; path = Info.plist; sourceTree = "<group>"; };
		34ECC3B423EBFACA00D0FA9C /* User.swift */ = {isa = PBXFileReference; lastKnownFileType = sourcecode.swift; path = User.swift; sourceTree = "<group>"; };
		34ECC3B723EBFBA100D0FA9C /* UserCollectionViewCell.swift */ = {isa = PBXFileReference; lastKnownFileType = sourcecode.swift; path = UserCollectionViewCell.swift; sourceTree = "<group>"; };
		34ECC3B823EBFBA100D0FA9C /* UserCollectionViewCell.xib */ = {isa = PBXFileReference; lastKnownFileType = file.xib; path = UserCollectionViewCell.xib; sourceTree = "<group>"; };
		34ECC3BC23EBFDE500D0FA9C /* data.json */ = {isa = PBXFileReference; fileEncoding = 4; lastKnownFileType = text.json; path = data.json; sourceTree = "<group>"; };
		34ECC3BE23EBFDFB00D0FA9C /* DataManager.swift */ = {isa = PBXFileReference; lastKnownFileType = sourcecode.swift; path = DataManager.swift; sourceTree = "<group>"; };
/* End PBXFileReference section */

/* Begin PBXFrameworksBuildPhase section */
		34ECC39323EBF9D500D0FA9C /* Frameworks */ = {
			isa = PBXFrameworksBuildPhase;
			buildActionMask = 2147483647;
			files = (
			);
			runOnlyForDeploymentPostprocessing = 0;
		};
/* End PBXFrameworksBuildPhase section */

/* Begin PBXGroup section */
		34ECC38D23EBF9D500D0FA9C = {
			isa = PBXGroup;
			children = (
				34ECC39823EBF9D500D0FA9C /* SwiftCodingChallange */,
				34ECC39723EBF9D500D0FA9C /* Products */,
			);
			sourceTree = "<group>";
		};
		34ECC39723EBF9D500D0FA9C /* Products */ = {
			isa = PBXGroup;
			children = (
				34ECC39623EBF9D500D0FA9C /* SwiftCodingChallange.app */,
			);
			name = Products;
			sourceTree = "<group>";
		};
		34ECC39823EBF9D500D0FA9C /* SwiftCodingChallange */ = {
			isa = PBXGroup;
			children = (
				34ECC3B123EBFAA600D0FA9C /* Controllers */,
				34ECC3AD23EBFAA600D0FA9C /* Library */,
				34ECC3B223EBFAA600D0FA9C /* Models */,
				34ECC3B323EBFAA600D0FA9C /* Views */,
				34ECC39923EBF9D500D0FA9C /* AppDelegate.swift */,
				34ECC39B23EBF9D500D0FA9C /* SceneDelegate.swift */,
				34ECC39D23EBF9D500D0FA9C /* ViewController.swift */,
				34ECC39F23EBF9D500D0FA9C /* Main.storyboard */,
				34ECC3A223EBF9D700D0FA9C /* Assets.xcassets */,
				34ECC3A423EBF9D700D0FA9C /* LaunchScreen.storyboard */,
				34ECC3A723EBF9D700D0FA9C /* Info.plist */,
			);
			path = SwiftCodingChallange;
			sourceTree = "<group>";
		};
		34ECC3AD23EBFAA600D0FA9C /* Library */ = {
			isa = PBXGroup;
			children = (
				34ECC3BB23EBFDB000D0FA9C /* Resources */,
				34ECC3AE23EBFAA600D0FA9C /* Managers */,
				34ECC3AF23EBFAA600D0FA9C /* Extensions */,
				34ECC3B023EBFAA600D0FA9C /* Services */,
			);
			path = Library;
			sourceTree = "<group>";
		};
		34ECC3AE23EBFAA600D0FA9C /* Managers */ = {
			isa = PBXGroup;
			children = (
				34ECC3BE23EBFDFB00D0FA9C /* DataManager.swift */,
			);
			path = Managers;
			sourceTree = "<group>";
		};
		34ECC3AF23EBFAA600D0FA9C /* Extensions */ = {
			isa = PBXGroup;
			children = (
			);
			path = Extensions;
			sourceTree = "<group>";
		};
		34ECC3B023EBFAA600D0FA9C /* Services */ = {
			isa = PBXGroup;
			children = (
			);
			path = Services;
			sourceTree = "<group>";
		};
		34ECC3B123EBFAA600D0FA9C /* Controllers */ = {
			isa = PBXGroup;
			children = (
			);
			path = Controllers;
			sourceTree = "<group>";
		};
		34ECC3B223EBFAA600D0FA9C /* Models */ = {
			isa = PBXGroup;
			children = (
				34ECC3B423EBFACA00D0FA9C /* User.swift */,
			);
			path = Models;
			sourceTree = "<group>";
		};
		34ECC3B323EBFAA600D0FA9C /* Views */ = {
			isa = PBXGroup;
			children = (
				34ECC3B623EBFB9100D0FA9C /* CollectionViewCells */,
			);
			path = Views;
			sourceTree = "<group>";
		};
		34ECC3B623EBFB9100D0FA9C /* CollectionViewCells */ = {
			isa = PBXGroup;
			children = (
				34ECC3B723EBFBA100D0FA9C /* UserCollectionViewCell.swift */,
				34ECC3B823EBFBA100D0FA9C /* UserCollectionViewCell.xib */,
			);
			path = CollectionViewCells;
			sourceTree = "<group>";
		};
		34ECC3BB23EBFDB000D0FA9C /* Resources */ = {
			isa = PBXGroup;
			children = (
				34ECC3BC23EBFDE500D0FA9C /* data.json */,
			);
			path = Resources;
			sourceTree = "<group>";
		};
/* End PBXGroup section */

/* Begin PBXNativeTarget section */
		34ECC39523EBF9D500D0FA9C /* SwiftCodingChallange */ = {
			isa = PBXNativeTarget;
			buildConfigurationList = 34ECC3AA23EBF9D700D0FA9C /* Build configuration list for PBXNativeTarget "SwiftCodingChallange" */;
			buildPhases = (
				34ECC39223EBF9D500D0FA9C /* Sources */,
				34ECC39323EBF9D500D0FA9C /* Frameworks */,
				34ECC39423EBF9D500D0FA9C /* Resources */,
			);
			buildRules = (
			);
			dependencies = (
			);
			name = SwiftCodingChallange;
			productName = SwiftCodingChallange;
			productReference = 34ECC39623EBF9D500D0FA9C /* SwiftCodingChallange.app */;
			productType = "com.apple.product-type.application";
		};
/* End PBXNativeTarget section */

/* Begin PBXProject section */
		34ECC38E23EBF9D500D0FA9C /* Project object */ = {
			isa = PBXProject;
			attributes = {
				LastSwiftUpdateCheck = 1120;
				LastUpgradeCheck = 1120;
				ORGANIZATIONNAME = Ab;
				TargetAttributes = {
					34ECC39523EBF9D500D0FA9C = {
						CreatedOnToolsVersion = 11.2.1;
					};
				};
			};
			buildConfigurationList = 34ECC39123EBF9D500D0FA9C /* Build configuration list for PBXProject "SwiftCodingChallange" */;
			compatibilityVersion = "Xcode 9.3";
			developmentRegion = en;
			hasScannedForEncodings = 0;
			knownRegions = (
				en,
				Base,
			);
			mainGroup = 34ECC38D23EBF9D500D0FA9C;
			productRefGroup = 34ECC39723EBF9D500D0FA9C /* Products */;
			projectDirPath = "";
			projectRoot = "";
			targets = (
				34ECC39523EBF9D500D0FA9C /* SwiftCodingChallange */,
			);
		};
/* End PBXProject section */

/* Begin PBXResourcesBuildPhase section */
		34ECC39423EBF9D500D0FA9C /* Resources */ = {
			isa = PBXResourcesBuildPhase;
			buildActionMask = 2147483647;
			files = (
				34ECC3A623EBF9D700D0FA9C /* LaunchScreen.storyboard in Resources */,
				34ECC3BA23EBFBA100D0FA9C /* UserCollectionViewCell.xib in Resources */,
				34ECC3A323EBF9D700D0FA9C /* Assets.xcassets in Resources */,
				34ECC3BD23EBFDE500D0FA9C /* data.json in Resources */,
				34ECC3A123EBF9D500D0FA9C /* Main.storyboard in Resources */,
			);
			runOnlyForDeploymentPostprocessing = 0;
		};
/* End PBXResourcesBuildPhase section */

/* Begin PBXSourcesBuildPhase section */
		34ECC39223EBF9D500D0FA9C /* Sources */ = {
			isa = PBXSourcesBuildPhase;
			buildActionMask = 2147483647;
			files = (
				34ECC3B523EBFACA00D0FA9C /* User.swift in Sources */,
				34ECC3BF23EBFDFB00D0FA9C /* DataManager.swift in Sources */,
				34ECC39E23EBF9D500D0FA9C /* ViewController.swift in Sources */,
				34ECC39A23EBF9D500D0FA9C /* AppDelegate.swift in Sources */,
				34ECC39C23EBF9D500D0FA9C /* SceneDelegate.swift in Sources */,
				34ECC3B923EBFBA100D0FA9C /* UserCollectionViewCell.swift in Sources */,
			);
			runOnlyForDeploymentPostprocessing = 0;
		};
/* End PBXSourcesBuildPhase section */

/* Begin PBXVariantGroup section */
		34ECC39F23EBF9D500D0FA9C /* Main.storyboard */ = {
			isa = PBXVariantGroup;
			children = (
				34ECC3A023EBF9D500D0FA9C /* Base */,
			);
			name = Main.storyboard;
			sourceTree = "<group>";
		};
		34ECC3A423EBF9D700D0FA9C /* LaunchScreen.storyboard */ = {
			isa = PBXVariantGroup;
			children = (
				34ECC3A523EBF9D700D0FA9C /* Base */,
			);
			name = LaunchScreen.storyboard;
			sourceTree = "<group>";
		};
/* End PBXVariantGroup section */

/* Begin XCBuildConfiguration section */
		34ECC3A823EBF9D700D0FA9C /* Debug */ = {
			isa = XCBuildConfiguration;
			buildSettings = {
				ALWAYS_SEARCH_USER_PATHS = NO;
				CLANG_ANALYZER_NONNULL = YES;
				CLANG_ANALYZER_NUMBER_OBJECT_CONVERSION = YES_AGGRESSIVE;
				CLANG_CXX_LANGUAGE_STANDARD = "gnu++14";
				CLANG_CXX_LIBRARY = "libc++";
				CLANG_ENABLE_MODULES = YES;
				CLANG_ENABLE_OBJC_ARC = YES;
				CLANG_ENABLE_OBJC_WEAK = YES;
				CLANG_WARN_BLOCK_CAPTURE_AUTORELEASING = YES;
				CLANG_WARN_BOOL_CONVERSION = YES;
				CLANG_WARN_COMMA = YES;
				CLANG_WARN_CONSTANT_CONVERSION = YES;
				CLANG_WARN_DEPRECATED_OBJC_IMPLEMENTATIONS = YES;
				CLANG_WARN_DIRECT_OBJC_ISA_USAGE = YES_ERROR;
				CLANG_WARN_DOCUMENTATION_COMMENTS = YES;
				CLANG_WARN_EMPTY_BODY = YES;
				CLANG_WARN_ENUM_CONVERSION = YES;
				CLANG_WARN_INFINITE_RECURSION = YES;
				CLANG_WARN_INT_CONVERSION = YES;
				CLANG_WARN_NON_LITERAL_NULL_CONVERSION = YES;
				CLANG_WARN_OBJC_IMPLICIT_RETAIN_SELF = YES;
				CLANG_WARN_OBJC_LITERAL_CONVERSION = YES;
				CLANG_WARN_OBJC_ROOT_CLASS = YES_ERROR;
				CLANG_WARN_RANGE_LOOP_ANALYSIS = YES;
				CLANG_WARN_STRICT_PROTOTYPES = YES;
				CLANG_WARN_SUSPICIOUS_MOVE = YES;
				CLANG_WARN_UNGUARDED_AVAILABILITY = YES_AGGRESSIVE;
				CLANG_WARN_UNREACHABLE_CODE = YES;
				CLANG_WARN__DUPLICATE_METHOD_MATCH = YES;
				COPY_PHASE_STRIP = NO;
				DEBUG_INFORMATION_FORMAT = dwarf;
				ENABLE_STRICT_OBJC_MSGSEND = YES;
				ENABLE_TESTABILITY = YES;
				GCC_C_LANGUAGE_STANDARD = gnu11;
				GCC_DYNAMIC_NO_PIC = NO;
				GCC_NO_COMMON_BLOCKS = YES;
				GCC_OPTIMIZATION_LEVEL = 0;
				GCC_PREPROCESSOR_DEFINITIONS = (
					"DEBUG=1",
					"$(inherited)",
				);
				GCC_WARN_64_TO_32_BIT_CONVERSION = YES;
				GCC_WARN_ABOUT_RETURN_TYPE = YES_ERROR;
				GCC_WARN_UNDECLARED_SELECTOR = YES;
				GCC_WARN_UNINITIALIZED_AUTOS = YES_AGGRESSIVE;
				GCC_WARN_UNUSED_FUNCTION = YES;
				GCC_WARN_UNUSED_VARIABLE = YES;
				IPHONEOS_DEPLOYMENT_TARGET = 13.2;
				MTL_ENABLE_DEBUG_INFO = INCLUDE_SOURCE;
				MTL_FAST_MATH = YES;
				ONLY_ACTIVE_ARCH = YES;
				SDKROOT = iphoneos;
				SWIFT_ACTIVE_COMPILATION_CONDITIONS = DEBUG;
				SWIFT_OPTIMIZATION_LEVEL = "-Onone";
			};
			name = Debug;
		};
		34ECC3A923EBF9D700D0FA9C /* Release */ = {
			isa = XCBuildConfiguration;
			buildSettings = {
				ALWAYS_SEARCH_USER_PATHS = NO;
				CLANG_ANALYZER_NONNULL = YES;
				CLANG_ANALYZER_NUMBER_OBJECT_CONVERSION = YES_AGGRESSIVE;
				CLANG_CXX_LANGUAGE_STANDARD = "gnu++14";
				CLANG_CXX_LIBRARY = "libc++";
				CLANG_ENABLE_MODULES = YES;
				CLANG_ENABLE_OBJC_ARC = YES;
				CLANG_ENABLE_OBJC_WEAK = YES;
				CLANG_WARN_BLOCK_CAPTURE_AUTORELEASING = YES;
				CLANG_WARN_BOOL_CONVERSION = YES;
				CLANG_WARN_COMMA = YES;
				CLANG_WARN_CONSTANT_CONVERSION = YES;
				CLANG_WARN_DEPRECATED_OBJC_IMPLEMENTATIONS = YES;
				CLANG_WARN_DIRECT_OBJC_ISA_USAGE = YES_ERROR;
				CLANG_WARN_DOCUMENTATION_COMMENTS = YES;
				CLANG_WARN_EMPTY_BODY = YES;
				CLANG_WARN_ENUM_CONVERSION = YES;
				CLANG_WARN_INFINITE_RECURSION = YES;
				CLANG_WARN_INT_CONVERSION = YES;
				CLANG_WARN_NON_LITERAL_NULL_CONVERSION = YES;
				CLANG_WARN_OBJC_IMPLICIT_RETAIN_SELF = YES;
				CLANG_WARN_OBJC_LITERAL_CONVERSION = YES;
				CLANG_WARN_OBJC_ROOT_CLASS = YES_ERROR;
				CLANG_WARN_RANGE_LOOP_ANALYSIS = YES;
				CLANG_WARN_STRICT_PROTOTYPES = YES;
				CLANG_WARN_SUSPICIOUS_MOVE = YES;
				CLANG_WARN_UNGUARDED_AVAILABILITY = YES_AGGRESSIVE;
				CLANG_WARN_UNREACHABLE_CODE = YES;
				CLANG_WARN__DUPLICATE_METHOD_MATCH = YES;
				COPY_PHASE_STRIP = NO;
				DEBUG_INFORMATION_FORMAT = "dwarf-with-dsym";
				ENABLE_NS_ASSERTIONS = NO;
				ENABLE_STRICT_OBJC_MSGSEND = YES;
				GCC_C_LANGUAGE_STANDARD = gnu11;
				GCC_NO_COMMON_BLOCKS = YES;
				GCC_WARN_64_TO_32_BIT_CONVERSION = YES;
				GCC_WARN_ABOUT_RETURN_TYPE = YES_ERROR;
				GCC_WARN_UNDECLARED_SELECTOR = YES;
				GCC_WARN_UNINITIALIZED_AUTOS = YES_AGGRESSIVE;
				GCC_WARN_UNUSED_FUNCTION = YES;
				GCC_WARN_UNUSED_VARIABLE = YES;
				IPHONEOS_DEPLOYMENT_TARGET = 13.2;
				MTL_ENABLE_DEBUG_INFO = NO;
				MTL_FAST_MATH = YES;
				SDKROOT = iphoneos;
				SWIFT_COMPILATION_MODE = wholemodule;
				SWIFT_OPTIMIZATION_LEVEL = "-O";
				VALIDATE_PRODUCT = YES;
			};
			name = Release;
		};
		34ECC3AB23EBF9D700D0FA9C /* Debug */ = {
			isa = XCBuildConfiguration;
			buildSettings = {
				ASSETCATALOG_COMPILER_APPICON_NAME = AppIcon;
				CODE_SIGN_STYLE = Automatic;
				DEVELOPMENT_TEAM = WTG543B2LX;
				INFOPLIST_FILE = SwiftCodingChallange/Info.plist;
				LD_RUNPATH_SEARCH_PATHS = (
					"$(inherited)",
					"@executable_path/Frameworks",
				);
				PRODUCT_BUNDLE_IDENTIFIER = com.ab.SwiftCodingChallange;
				PRODUCT_NAME = "$(TARGET_NAME)";
				SWIFT_VERSION = 5.0;
				TARGETED_DEVICE_FAMILY = "1,2";
			};
			name = Debug;
		};
		34ECC3AC23EBF9D700D0FA9C /* Release */ = {
			isa = XCBuildConfiguration;
			buildSettings = {
				ASSETCATALOG_COMPILER_APPICON_NAME = AppIcon;
				CODE_SIGN_STYLE = Automatic;
				DEVELOPMENT_TEAM = WTG543B2LX;
				INFOPLIST_FILE = SwiftCodingChallange/Info.plist;
				LD_RUNPATH_SEARCH_PATHS = (
					"$(inherited)",
					"@executable_path/Frameworks",
				);
				PRODUCT_BUNDLE_IDENTIFIER = com.ab.SwiftCodingChallange;
				PRODUCT_NAME = "$(TARGET_NAME)";
				SWIFT_VERSION = 5.0;
				TARGETED_DEVICE_FAMILY = "1,2";
			};
			name = Release;
		};
/* End XCBuildConfiguration section */

/* Begin XCConfigurationList section */
		34ECC39123EBF9D500D0FA9C /* Build configuration list for PBXProject "SwiftCodingChallange" */ = {
			isa = XCConfigurationList;
			buildConfigurations = (
				34ECC3A823EBF9D700D0FA9C /* Debug */,
				34ECC3A923EBF9D700D0FA9C /* Release */,
			);
			defaultConfigurationIsVisible = 0;
			defaultConfigurationName = Release;
		};
		34ECC3AA23EBF9D700D0FA9C /* Build configuration list for PBXNativeTarget "SwiftCodingChallange" */ = {
			isa = XCConfigurationList;
			buildConfigurations = (
				34ECC3AB23EBF9D700D0FA9C /* Debug */,
				34ECC3AC23EBF9D700D0FA9C /* Release */,
			);
			defaultConfigurationIsVisible = 0;
			defaultConfigurationName = Release;
		};
/* End XCConfigurationList section */
	};
	rootObject = 34ECC38E23EBF9D500D0FA9C /* Project object */;
}
